Microsoft Visual Studio Solution File, Format Version 12.00
# Visual Studio Version 17
VisualStudioVersion = 17.5.2.0
MinimumVisualStudioVersion = 10.0.40219.1
Project("{FAE04EC0-301F-11D3-BF4B-00C04F79EFBC}") = "Ipv4Validator", "Ipv4Validator.csproj", "{B7D94C61-7024-D452-5242-0B09A9A8B505}"
EndProject
Global
	GlobalSection(SolutionConfigurationPlatforms) = preSolution
		Debug|Any CPU = Debug|Any CPU
		Release|Any CPU = Release|Any CPU
	EndGlobalSection
	GlobalSection(ProjectConfigurationPlatforms) = postSolution
		{B7D94C61-7024-D452-5242-0B09A9A8B505}.Debug|Any CPU.ActiveCfg = Debug|Any CPU
		{B7D94C61-7024-D452-5242-0B09A9A8B505}.Debug|Any CPU.Build.0 = Debug|Any CPU
		{B7D94C61-7024-D452-5242-0B09A9A8B505}.Release|Any CPU.ActiveCfg = Release|Any CPU
		{B7D94C61-7024-D452-5242-0B09A9A8B505}.Release|Any CPU.Build.0 = Release|Any CPU
	EndGlobalSection
	GlobalSection(SolutionProperties) = preSolution
		HideSolutionNode = FALSE
	EndGlobalSection
	GlobalSection(ExtensibilityGlobals) = postSolution
		SolutionGuid = {8340B11D-3618-4A97-AA77-3005F20EBCB6}
	EndGlobalSection
EndGlobal
