{
  "name": "openapilab",
  "lockfileVersion": 3,
  "requires": true,
  "packages": {
    "": {
      "dependencies": {
        "openapi-generator-cli": "^1.0.0"
      }
    },
    "node_modules/openapi-generator-cli": {
      "version": "1.0.0",
      "resolved": "https://registry.npmjs.org/openapi-generator-cli/-/openapi-generator-cli-1.0.0.tgz",
      "integrity": "sha512-gJ6YXQAkmoTYZ6kPG3rX9lHvVTh/bnWxfr6pDxjUfx+vSoE+JsuR4LDw+MrgH/7ezsJRFaljR66k0AlOXDW/eQ==",
      "license": "ISC",
      "bin": {
        "openapi-generator-cli": "cli.js"
      }
    }
  }
}
