Microsoft Visual Studio Solution File, Format Version 12.00
# Visual Studio Version 17
VisualStudioVersion = 17.5.2.0
MinimumVisualStudioVersion = 10.0.40219.1
Project("{FAE04EC0-301F-11D3-BF4B-00C04F79EFBC}") = "StaticWebsite", "StaticWebsite.csproj", "{89AFE337-64D0-EB9F-1BEB-9AA19212F745}"
EndProject
Global
	GlobalSection(SolutionConfigurationPlatforms) = preSolution
		Debug|Any CPU = Debug|Any CPU
		Release|Any CPU = Release|Any CPU
	EndGlobalSection
	GlobalSection(ProjectConfigurationPlatforms) = postSolution
		{89AFE337-64D0-EB9F-1BEB-9AA19212F745}.Debug|Any CPU.ActiveCfg = Debug|Any CPU
		{89AFE337-64D0-EB9F-1BEB-9AA19212F745}.Debug|Any CPU.Build.0 = Debug|Any CPU
		{89AFE337-64D0-EB9F-1BEB-9AA19212F745}.Release|Any CPU.ActiveCfg = Release|Any CPU
		{89AFE337-64D0-EB9F-1BEB-9AA19212F745}.Release|Any CPU.Build.0 = Release|Any CPU
	EndGlobalSection
	GlobalSection(SolutionProperties) = preSolution
		HideSolutionNode = FALSE
	EndGlobalSection
	GlobalSection(ExtensibilityGlobals) = postSolution
		SolutionGuid = {45D57F08-DD32-4088-BB8B-EAF8D69309DE}
	EndGlobalSection
EndGlobal
